
Microsoft Visual Studio Solution File, Format Version 12.00
# Visual Studio 14
VisualStudioVersion = 14.0.25420.1
MinimumVisualStudioVersion = 10.0.40219.1
Project("{FAE04EC0-301F-11D3-BF4B-00C04F79EFBC}") = "DemonstratureAPI", "DemonstratureAPI\DemonstratureAPI.csproj", "{BA26C87C-CFBE-4AF6-9586-0067C38857D6}"
EndProject
Project("{FAE04EC0-301F-11D3-BF4B-00C04F79EFBC}") = "DemonstratureBLL", "DemonstratureBLL\DemonstratureBLL.csproj", "{611BAA79-0284-4B4D-A45E-3C6AD78BCC5C}"
EndProject
Project("{FAE04EC0-301F-11D3-BF4B-00C04F79EFBC}") = "DemonstratureCM", "DemonstratureCM\DemonstratureCM.csproj", "{C93A40E2-51F7-46A6-8AC0-01440FC7354A}"
EndProject
Project("{FAE04EC0-301F-11D3-BF4B-00C04F79EFBC}") = "DemonstratureDB", "DemonstratureDB\DemonstratureDB.csproj", "{74FB3A53-97EC-4C2E-AE97-EA62D0536521}"
EndProject
Global
	GlobalSection(SolutionConfigurationPlatforms) = preSolution
		Debug|Any CPU = Debug|Any CPU
		Release|Any CPU = Release|Any CPU
	EndGlobalSection
	GlobalSection(ProjectConfigurationPlatforms) = postSolution
		{BA26C87C-CFBE-4AF6-9586-0067C38857D6}.Debug|Any CPU.ActiveCfg = Debug|Any CPU
		{BA26C87C-CFBE-4AF6-9586-0067C38857D6}.Debug|Any CPU.Build.0 = Debug|Any CPU
		{BA26C87C-CFBE-4AF6-9586-0067C38857D6}.Release|Any CPU.ActiveCfg = Release|Any CPU
		{BA26C87C-CFBE-4AF6-9586-0067C38857D6}.Release|Any CPU.Build.0 = Release|Any CPU
		{611BAA79-0284-4B4D-A45E-3C6AD78BCC5C}.Debug|Any CPU.ActiveCfg = Debug|Any CPU
		{611BAA79-0284-4B4D-A45E-3C6AD78BCC5C}.Debug|Any CPU.Build.0 = Debug|Any CPU
		{611BAA79-0284-4B4D-A45E-3C6AD78BCC5C}.Release|Any CPU.ActiveCfg = Release|Any CPU
		{611BAA79-0284-4B4D-A45E-3C6AD78BCC5C}.Release|Any CPU.Build.0 = Release|Any CPU
		{C93A40E2-51F7-46A6-8AC0-01440FC7354A}.Debug|Any CPU.ActiveCfg = Debug|Any CPU
		{C93A40E2-51F7-46A6-8AC0-01440FC7354A}.Debug|Any CPU.Build.0 = Debug|Any CPU
		{C93A40E2-51F7-46A6-8AC0-01440FC7354A}.Release|Any CPU.ActiveCfg = Release|Any CPU
		{C93A40E2-51F7-46A6-8AC0-01440FC7354A}.Release|Any CPU.Build.0 = Release|Any CPU
		{74FB3A53-97EC-4C2E-AE97-EA62D0536521}.Debug|Any CPU.ActiveCfg = Debug|Any CPU
		{74FB3A53-97EC-4C2E-AE97-EA62D0536521}.Debug|Any CPU.Build.0 = Debug|Any CPU
		{74FB3A53-97EC-4C2E-AE97-EA62D0536521}.Release|Any CPU.ActiveCfg = Release|Any CPU
		{74FB3A53-97EC-4C2E-AE97-EA62D0536521}.Release|Any CPU.Build.0 = Release|Any CPU
	EndGlobalSection
	GlobalSection(SolutionProperties) = preSolution
		HideSolutionNode = FALSE
	EndGlobalSection
EndGlobal
